
Microsoft Visual Studio Solution File, Format Version 12.00
# Visual Studio Version 16
VisualStudioVersion = 16.0.30309.148
MinimumVisualStudioVersion = 10.0.40219.1
Project("{8BC9CEB8-8B4A-11D0-8D11-00A0C91BC942}") = "Exercise_1", "Problem1and2\Problem1and2.vcxproj", "{B7D45C52-9AC5-46D8-A40C-5368AFF0737A}"
EndProject
Project("{8BC9CEB8-8B4A-11D0-8D11-00A0C91BC942}") = "Exercise_2", "Exercise_2\Exercise_2.vcxproj", "{7BF986BA-1E5A-48E7-ACEE-F9726247C343}"
EndProject
Project("{8BC9CEB8-8B4A-11D0-8D11-00A0C91BC942}") = "Exercise_3", "Exercise_3\Exercise_3.vcxproj", "{EA106441-A53F-4851-AB76-0A26CDBA15DD}"
EndProject
Project("{8BC9CEB8-8B4A-11D0-8D11-00A0C91BC942}") = "Exercise_4", "Exercise_4\Exercise_4.vcxproj", "{09C9458C-36AA-456B-BC9B-96CEE05D024D}"
EndProject
Project("{8BC9CEB8-8B4A-11D0-8D11-00A0C91BC942}") = "Exercise_5", "Exercise_5\Exercise_5.vcxproj", "{A5B486C1-E503-40D2-9C46-1BA51AA525A4}"
EndProject
Project("{8BC9CEB8-8B4A-11D0-8D11-00A0C91BC942}") = "Exercise_6", "Exercise_6\Exercise_6.vcxproj", "{550511DF-303C-440E-A044-5A10BDF8F1DC}"
EndProject
Project("{8BC9CEB8-8B4A-11D0-8D11-00A0C91BC942}") = "Exercise_7", "Exercise_7\Exercise_7.vcxproj", "{267AE201-94A8-45AA-B9E5-EB61A1ECB9BD}"
EndProject
Project("{8BC9CEB8-8B4A-11D0-8D11-00A0C91BC942}") = "Exercise_8", "Exercise_8\Exercise_8.vcxproj", "{30B81C8B-FD12-4291-8DCA-606905FD2C71}"
EndProject
Project("{8BC9CEB8-8B4A-11D0-8D11-00A0C91BC942}") = "Exercise_9", "Exercise_9\Exercise_9.vcxproj", "{0EBC5599-E88B-4185-814B-16B192DCD184}"
EndProject
Project("{8BC9CEB8-8B4A-11D0-8D11-00A0C91BC942}") = "Exercise_10", "Exercise_10\Exercise_10.vcxproj", "{F396817D-4609-4FC4-8EAC-291C18D23D76}"
EndProject
Project("{8BC9CEB8-8B4A-11D0-8D11-00A0C91BC942}") = "Exercise_11", "Exercise_11\Exercise_11.vcxproj", "{D62B322C-D451-4341-ABAD-2AE6EDE4ECD2}"
EndProject
Global
	GlobalSection(SolutionConfigurationPlatforms) = preSolution
		Debug|x64 = Debug|x64
		Debug|x86 = Debug|x86
		Release|x64 = Release|x64
		Release|x86 = Release|x86
	EndGlobalSection
	GlobalSection(ProjectConfigurationPlatforms) = postSolution
		{B7D45C52-9AC5-46D8-A40C-5368AFF0737A}.Debug|x64.ActiveCfg = Debug|x64
		{B7D45C52-9AC5-46D8-A40C-5368AFF0737A}.Debug|x64.Build.0 = Debug|x64
		{B7D45C52-9AC5-46D8-A40C-5368AFF0737A}.Debug|x86.ActiveCfg = Debug|Win32
		{B7D45C52-9AC5-46D8-A40C-5368AFF0737A}.Debug|x86.Build.0 = Debug|Win32
		{B7D45C52-9AC5-46D8-A40C-5368AFF0737A}.Release|x64.ActiveCfg = Release|x64
		{B7D45C52-9AC5-46D8-A40C-5368AFF0737A}.Release|x64.Build.0 = Release|x64
		{B7D45C52-9AC5-46D8-A40C-5368AFF0737A}.Release|x86.ActiveCfg = Release|Win32
		{B7D45C52-9AC5-46D8-A40C-5368AFF0737A}.Release|x86.Build.0 = Release|Win32
		{7BF986BA-1E5A-48E7-ACEE-F9726247C343}.Debug|x64.ActiveCfg = Debug|x64
		{7BF986BA-1E5A-48E7-ACEE-F9726247C343}.Debug|x64.Build.0 = Debug|x64
		{7BF986BA-1E5A-48E7-ACEE-F9726247C343}.Debug|x86.ActiveCfg = Debug|Win32
		{7BF986BA-1E5A-48E7-ACEE-F9726247C343}.Debug|x86.Build.0 = Debug|Win32
		{7BF986BA-1E5A-48E7-ACEE-F9726247C343}.Release|x64.ActiveCfg = Release|x64
		{7BF986BA-1E5A-48E7-ACEE-F9726247C343}.Release|x64.Build.0 = Release|x64
		{7BF986BA-1E5A-48E7-ACEE-F9726247C343}.Release|x86.ActiveCfg = Release|Win32
		{7BF986BA-1E5A-48E7-ACEE-F9726247C343}.Release|x86.Build.0 = Release|Win32
		{EA106441-A53F-4851-AB76-0A26CDBA15DD}.Debug|x64.ActiveCfg = Debug|x64
		{EA106441-A53F-4851-AB76-0A26CDBA15DD}.Debug|x64.Build.0 = Debug|x64
		{EA106441-A53F-4851-AB76-0A26CDBA15DD}.Debug|x86.ActiveCfg = Debug|Win32
		{EA106441-A53F-4851-AB76-0A26CDBA15DD}.Debug|x86.Build.0 = Debug|Win32
		{EA106441-A53F-4851-AB76-0A26CDBA15DD}.Release|x64.ActiveCfg = Release|x64
		{EA106441-A53F-4851-AB76-0A26CDBA15DD}.Release|x64.Build.0 = Release|x64
		{EA106441-A53F-4851-AB76-0A26CDBA15DD}.Release|x86.ActiveCfg = Release|Win32
		{EA106441-A53F-4851-AB76-0A26CDBA15DD}.Release|x86.Build.0 = Release|Win32
		{09C9458C-36AA-456B-BC9B-96CEE05D024D}.Debug|x64.ActiveCfg = Debug|x64
		{09C9458C-36AA-456B-BC9B-96CEE05D024D}.Debug|x64.Build.0 = Debug|x64
		{09C9458C-36AA-456B-BC9B-96CEE05D024D}.Debug|x86.ActiveCfg = Debug|Win32
		{09C9458C-36AA-456B-BC9B-96CEE05D024D}.Debug|x86.Build.0 = Debug|Win32
		{09C9458C-36AA-456B-BC9B-96CEE05D024D}.Release|x64.ActiveCfg = Release|x64
		{09C9458C-36AA-456B-BC9B-96CEE05D024D}.Release|x64.Build.0 = Release|x64
		{09C9458C-36AA-456B-BC9B-96CEE05D024D}.Release|x86.ActiveCfg = Release|Win32
		{09C9458C-36AA-456B-BC9B-96CEE05D024D}.Release|x86.Build.0 = Release|Win32
		{A5B486C1-E503-40D2-9C46-1BA51AA525A4}.Debug|x64.ActiveCfg = Debug|x64
		{A5B486C1-E503-40D2-9C46-1BA51AA525A4}.Debug|x64.Build.0 = Debug|x64
		{A5B486C1-E503-40D2-9C46-1BA51AA525A4}.Debug|x86.ActiveCfg = Debug|Win32
		{A5B486C1-E503-40D2-9C46-1BA51AA525A4}.Debug|x86.Build.0 = Debug|Win32
		{A5B486C1-E503-40D2-9C46-1BA51AA525A4}.Release|x64.ActiveCfg = Release|x64
		{A5B486C1-E503-40D2-9C46-1BA51AA525A4}.Release|x64.Build.0 = Release|x64
		{A5B486C1-E503-40D2-9C46-1BA51AA525A4}.Release|x86.ActiveCfg = Release|Win32
		{A5B486C1-E503-40D2-9C46-1BA51AA525A4}.Release|x86.Build.0 = Release|Win32
		{550511DF-303C-440E-A044-5A10BDF8F1DC}.Debug|x64.ActiveCfg = Debug|x64
		{550511DF-303C-440E-A044-5A10BDF8F1DC}.Debug|x64.Build.0 = Debug|x64
		{550511DF-303C-440E-A044-5A10BDF8F1DC}.Debug|x86.ActiveCfg = Debug|Win32
		{550511DF-303C-440E-A044-5A10BDF8F1DC}.Debug|x86.Build.0 = Debug|Win32
		{550511DF-303C-440E-A044-5A10BDF8F1DC}.Release|x64.ActiveCfg = Release|x64
		{550511DF-303C-440E-A044-5A10BDF8F1DC}.Release|x64.Build.0 = Release|x64
		{550511DF-303C-440E-A044-5A10BDF8F1DC}.Release|x86.ActiveCfg = Release|Win32
		{550511DF-303C-440E-A044-5A10BDF8F1DC}.Release|x86.Build.0 = Release|Win32
		{267AE201-94A8-45AA-B9E5-EB61A1ECB9BD}.Debug|x64.ActiveCfg = Debug|x64
		{267AE201-94A8-45AA-B9E5-EB61A1ECB9BD}.Debug|x64.Build.0 = Debug|x64
		{267AE201-94A8-45AA-B9E5-EB61A1ECB9BD}.Debug|x86.ActiveCfg = Debug|Win32
		{267AE201-94A8-45AA-B9E5-EB61A1ECB9BD}.Debug|x86.Build.0 = Debug|Win32
		{267AE201-94A8-45AA-B9E5-EB61A1ECB9BD}.Release|x64.ActiveCfg = Release|x64
		{267AE201-94A8-45AA-B9E5-EB61A1ECB9BD}.Release|x64.Build.0 = Release|x64
		{267AE201-94A8-45AA-B9E5-EB61A1ECB9BD}.Release|x86.ActiveCfg = Release|Win32
		{267AE201-94A8-45AA-B9E5-EB61A1ECB9BD}.Release|x86.Build.0 = Release|Win32
		{30B81C8B-FD12-4291-8DCA-606905FD2C71}.Debug|x64.ActiveCfg = Debug|x64
		{30B81C8B-FD12-4291-8DCA-606905FD2C71}.Debug|x64.Build.0 = Debug|x64
		{30B81C8B-FD12-4291-8DCA-606905FD2C71}.Debug|x86.ActiveCfg = Debug|Win32
		{30B81C8B-FD12-4291-8DCA-606905FD2C71}.Debug|x86.Build.0 = Debug|Win32
		{30B81C8B-FD12-4291-8DCA-606905FD2C71}.Release|x64.ActiveCfg = Release|x64
		{30B81C8B-FD12-4291-8DCA-606905FD2C71}.Release|x64.Build.0 = Release|x64
		{30B81C8B-FD12-4291-8DCA-606905FD2C71}.Release|x86.ActiveCfg = Release|Win32
		{30B81C8B-FD12-4291-8DCA-606905FD2C71}.Release|x86.Build.0 = Release|Win32
		{0EBC5599-E88B-4185-814B-16B192DCD184}.Debug|x64.ActiveCfg = Debug|x64
		{0EBC5599-E88B-4185-814B-16B192DCD184}.Debug|x64.Build.0 = Debug|x64
		{0EBC5599-E88B-4185-814B-16B192DCD184}.Debug|x86.ActiveCfg = Debug|Win32
		{0EBC5599-E88B-4185-814B-16B192DCD184}.Debug|x86.Build.0 = Debug|Win32
		{0EBC5599-E88B-4185-814B-16B192DCD184}.Release|x64.ActiveCfg = Release|x64
		{0EBC5599-E88B-4185-814B-16B192DCD184}.Release|x64.Build.0 = Release|x64
		{0EBC5599-E88B-4185-814B-16B192DCD184}.Release|x86.ActiveCfg = Release|Win32
		{0EBC5599-E88B-4185-814B-16B192DCD184}.Release|x86.Build.0 = Release|Win32
		{F396817D-4609-4FC4-8EAC-291C18D23D76}.Debug|x64.ActiveCfg = Debug|x64
		{F396817D-4609-4FC4-8EAC-291C18D23D76}.Debug|x64.Build.0 = Debug|x64
		{F396817D-4609-4FC4-8EAC-291C18D23D76}.Debug|x86.ActiveCfg = Debug|Win32
		{F396817D-4609-4FC4-8EAC-291C18D23D76}.Debug|x86.Build.0 = Debug|Win32
		{F396817D-4609-4FC4-8EAC-291C18D23D76}.Release|x64.ActiveCfg = Release|x64
		{F396817D-4609-4FC4-8EAC-291C18D23D76}.Release|x64.Build.0 = Release|x64
		{F396817D-4609-4FC4-8EAC-291C18D23D76}.Release|x86.ActiveCfg = Release|Win32
		{F396817D-4609-4FC4-8EAC-291C18D23D76}.Release|x86.Build.0 = Release|Win32
		{D62B322C-D451-4341-ABAD-2AE6EDE4ECD2}.Debug|x64.ActiveCfg = Debug|x64
		{D62B322C-D451-4341-ABAD-2AE6EDE4ECD2}.Debug|x64.Build.0 = Debug|x64
		{D62B322C-D451-4341-ABAD-2AE6EDE4ECD2}.Debug|x86.ActiveCfg = Debug|Win32
		{D62B322C-D451-4341-ABAD-2AE6EDE4ECD2}.Debug|x86.Build.0 = Debug|Win32
		{D62B322C-D451-4341-ABAD-2AE6EDE4ECD2}.Release|x64.ActiveCfg = Release|x64
		{D62B322C-D451-4341-ABAD-2AE6EDE4ECD2}.Release|x64.Build.0 = Release|x64
		{D62B322C-D451-4341-ABAD-2AE6EDE4ECD2}.Release|x86.ActiveCfg = Release|Win32
		{D62B322C-D451-4341-ABAD-2AE6EDE4ECD2}.Release|x86.Build.0 = Release|Win32
	EndGlobalSection
	GlobalSection(SolutionProperties) = preSolution
		HideSolutionNode = FALSE
	EndGlobalSection
	GlobalSection(ExtensibilityGlobals) = postSolution
		SolutionGuid = {486BEE02-BD67-41D6-9ECF-BC8052827D76}
	EndGlobalSection
EndGlobal
